// !$*UTF8*$!
{
	archiveVersion = 1;
	classes = {
	};
	objectVersion = 77;
	objects = {

/* Begin PBXBuildFile section */
		E945532B2F25F6380013CD80 /* CocoaMQTT in Frameworks */ = {isa = PBXBuildFile; productRef = E945532A2F25F6380013CD80 /* CocoaMQTT */; };
		E945532D2F25F63C0013CD80 /* CocoaMQTTWebSocket in Frameworks */ = {isa = PBXBuildFile; productRef = E945532C2F25F63C0013CD80 /* CocoaMQTTWebSocket */; };
/* End PBXBuildFile section */

/* Begin PBXContainerItemProxy section */
		E94552F02F25BAD90013CD80 /* PBXContainerItemProxy */ = {
			isa = PBXContainerItemProxy;
			containerPortal = E94552D82F25BAD20013CD80 /* Project object */;
			proxyType = 1;
			remoteGlobalIDString = E94552DF2F25BAD20013CD80;
			remoteInfo = hardhack2026;
		};
		E94552FA2F25BAD90013CD80 /* PBXContainerItemProxy */ = {
			isa = PBXContainerItemProxy;
			containerPortal = E94552D82F25BAD20013CD80 /* Project object */;
			proxyType = 1;
			remoteGlobalIDString = E94552DF2F25BAD20013CD80;
			remoteInfo = hardhack2026;
		};
/* End PBXContainerItemProxy section */

/* Begin PBXFileReference section */
		E94552E02F25BAD20013CD80 /* hardhack2026.app */ = {isa = PBXFileReference; explicitFileType = wrapper.application; includeInIndex = 0; path = hardhack2026.app; sourceTree = BUILT_PRODUCTS_DIR; };
		E94552EF2F25BAD90013CD80 /* hardhack2026Tests.xctest */ = {isa = PBXFileReference; explicitFileType = wrapper.cfbundle; includeInIndex = 0; path = hardhack2026Tests.xctest; sourceTree = BUILT_PRODUCTS_DIR; };
		E94552F92F25BAD90013CD80 /* hardhack2026UITests.xctest */ = {isa = PBXFileReference; explicitFileType = wrapper.cfbundle; includeInIndex = 0; path = hardhack2026UITests.xctest; sourceTree = BUILT_PRODUCTS_DIR; };
/* End PBXFileReference section */

/* Begin PBXFileSystemSynchronizedBuildFileExceptionSet section */
		E94553302F2605930013CD80 /* Exceptions for "hardhack2026" folder in "hardhack2026" target */ = {
			isa = PBXFileSystemSynchronizedBuildFileExceptionSet;
			membershipExceptions = (
				Info.plist,
			);
			target = E94552DF2F25BAD20013CD80 /* hardhack2026 */;
		};
/* End PBXFileSystemSynchronizedBuildFileExceptionSet section */

/* Begin PBXFileSystemSynchronizedRootGroup section */
		E94552E22F25BAD20013CD80 /* hardhack2026 */ = {
			isa = PBXFileSystemSynchronizedRootGroup;
			exceptions = (
				E94553302F2605930013CD80 /* Exceptions for "hardhack2026" folder in "hardhack2026" target */,
			);
			path = hardhack2026;
			sourceTree = "<group>";
		};
		E94552F22F25BAD90013CD80 /* hardhack2026Tests */ = {
			isa = PBXFileSystemSynchronizedRootGroup;
			path = hardhack2026Tests;
			sourceTree = "<group>";
		};
		E94552FC2F25BAD90013CD80 /* hardhack2026UITests */ = {
			isa = PBXFileSystemSynchronizedRootGroup;
			path = hardhack2026UITests;
			sourceTree = "<group>";
		};
/* End PBXFileSystemSynchronizedRootGroup section */

/* Begin PBXFrameworksBuildPhase section */
		E94552DD2F25BAD20013CD80 /* Frameworks */ = {
			isa = PBXFrameworksBuildPhase;
			buildActionMask = 2147483647;
			files = (
				E945532D2F25F63C0013CD80 /* CocoaMQTTWebSocket in Frameworks */,
				E945532B2F25F6380013CD80 /* CocoaMQTT in Frameworks */,
			);
			runOnlyForDeploymentPostprocessing = 0;
		};
		E94552EC2F25BAD90013CD80 /* Frameworks */ = {
			isa = PBXFrameworksBuildPhase;
			buildActionMask = 2147483647;
			files = (
			);
			runOnlyForDeploymentPostprocessing = 0;
		};
		E94552F62F25BAD90013CD80 /* Frameworks */ = {
			isa = PBXFrameworksBuildPhase;
			buildActionMask = 2147483647;
			files = (
			);
			runOnlyForDeploymentPostprocessing = 0;
		};
/* End PBXFrameworksBuildPhase section */

/* Begin PBXGroup section */
		E94552D72F25BAD20013CD80 = {
			isa = PBXGroup;
			children = (
				E94552E22F25BAD20013CD80 /* hardhack2026 */,
				E94552F22F25BAD90013CD80 /* hardhack2026Tests */,
				E94552FC2F25BAD90013CD80 /* hardhack2026UITests */,
				E94553292F25F6380013CD80 /* Frameworks */,
				E94552E12F25BAD20013CD80 /* Products */,
			);
			sourceTree = "<group>";
		};
		E94552E12F25BAD20013CD80 /* Products */ = {
			isa = PBXGroup;
			children = (
				E94552E02F25BAD20013CD80 /* hardhack2026.app */,
				E94552EF2F25BAD90013CD80 /* hardhack2026Tests.xctest */,
				E94552F92F25BAD90013CD80 /* hardhack2026UITests.xctest */,
			);
			name = Products;
			sourceTree = "<group>";
		};
		E94553292F25F6380013CD80 /* Frameworks */ = {
			isa = PBXGroup;
			children = (
			);
			name = Frameworks;
			sourceTree = "<group>";
		};
/* End PBXGroup section */

/* Begin PBXNativeTarget section */
		E94552DF2F25BAD20013CD80 /* hardhack2026 */ = {
			isa = PBXNativeTarget;
			buildConfigurationList = E94553032F25BAD90013CD80 /* Build configuration list for PBXNativeTarget "hardhack2026" */;
			buildPhases = (
				E94552DC2F25BAD20013CD80 /* Sources */,
				E94552DD2F25BAD20013CD80 /* Frameworks */,
				E94552DE2F25BAD20013CD80 /* Resources */,
			);
			buildRules = (
			);
			dependencies = (
			);
			fileSystemSynchronizedGroups = (
				E94552E22F25BAD20013CD80 /* hardhack2026 */,
			);
			name = hardhack2026;
			packageProductDependencies = (
				E945532A2F25F6380013CD80 /* CocoaMQTT */,
				E945532C2F25F63C0013CD80 /* CocoaMQTTWebSocket */,
			);
			productName = hardhack2026;
			productReference = E94552E02F25BAD20013CD80 /* hardhack2026.app */;
			productType = "com.apple.product-type.application";
		};
		E94552EE2F25BAD90013CD80 /* hardhack2026Tests */ = {
			isa = PBXNativeTarget;
			buildConfigurationList = E94553062F25BAD90013CD80 /* Build configuration list for PBXNativeTarget "hardhack2026Tests" */;
			buildPhases = (
				E94552EB2F25BAD90013CD80 /* Sources */,
				E94552EC2F25BAD90013CD80 /* Frameworks */,
				E94552ED2F25BAD90013CD80 /* Resources */,
			);
			buildRules = (
			);
			dependencies = (
				E94552F12F25BAD90013CD80 /* PBXTargetDependency */,
			);
			fileSystemSynchronizedGroups = (
				E94552F22F25BAD90013CD80 /* hardhack2026Tests */,
			);
			name = hardhack2026Tests;
			packageProductDependencies = (
			);
			productName = hardhack2026Tests;
			productReference = E94552EF2F25BAD90013CD80 /* hardhack2026Tests.xctest */;
			productType = "com.apple.product-type.bundle.unit-test";
		};
		E94552F82F25BAD90013CD80 /* hardhack2026UITests */ = {
			isa = PBXNativeTarget;
			buildConfigurationList = E94553092F25BAD90013CD80 /* Build configuration list for PBXNativeTarget "hardhack2026UITests" */;
			buildPhases = (
				E94552F52F25BAD90013CD80 /* Sources */,
				E94552F62F25BAD90013CD80 /* Frameworks */,
				E94552F72F25BAD90013CD80 /* Resources */,
			);
			buildRules = (
			);
			dependencies = (
				E94552FB2F25BAD90013CD80 /* PBXTargetDependency */,
			);
			fileSystemSynchronizedGroups = (
				E94552FC2F25BAD90013CD80 /* hardhack2026UITests */,
			);
			name = hardhack2026UITests;
			packageProductDependencies = (
			);
			productName = hardhack2026UITests;
			productReference = E94552F92F25BAD90013CD80 /* hardhack2026UITests.xctest */;
			productType = "com.apple.product-type.bundle.ui-testing";
		};
/* End PBXNativeTarget section */

/* Begin PBXProject section */
		E94552D82F25BAD20013CD80 /* Project object */ = {
			isa = PBXProject;
			attributes = {
				BuildIndependentTargetsInParallel = 1;
				LastSwiftUpdateCheck = 2620;
				LastUpgradeCheck = 2620;
				TargetAttributes = {
					E94552DF2F25BAD20013CD80 = {
						CreatedOnToolsVersion = 26.2;
					};
					E94552EE2F25BAD90013CD80 = {
						CreatedOnToolsVersion = 26.2;
						TestTargetID = E94552DF2F25BAD20013CD80;
					};
					E94552F82F25BAD90013CD80 = {
						CreatedOnToolsVersion = 26.2;
						TestTargetID = E94552DF2F25BAD20013CD80;
					};
				};
			};
			buildConfigurationList = E94552DB2F25BAD20013CD80 /* Build configuration list for PBXProject "hardhack2026" */;
			developmentRegion = en;
			hasScannedForEncodings = 0;
			knownRegions = (
				en,
				Base,
			);
			mainGroup = E94552D72F25BAD20013CD80;
			minimizedProjectReferenceProxies = 1;
			packageReferences = (
				E945531A2F25EF1E0013CD80 /* XCRemoteSwiftPackageReference "CocoaMQTT" */,
			);
			preferredProjectObjectVersion = 77;
			productRefGroup = E94552E12F25BAD20013CD80 /* Products */;
			projectDirPath = "";
			projectRoot = "";
			targets = (
				E94552DF2F25BAD20013CD80 /* hardhack2026 */,
				E94552EE2F25BAD90013CD80 /* hardhack2026Tests */,
				E94552F82F25BAD90013CD80 /* hardhack2026UITests */,
			);
		};
/* End PBXProject section */

/* Begin PBXResourcesBuildPhase section */
		E94552DE2F25BAD20013CD80 /* Resources */ = {
			isa = PBXResourcesBuildPhase;
			buildActionMask = 2147483647;
			files = (
			);
			runOnlyForDeploymentPostprocessing = 0;
		};
		E94552ED2F25BAD90013CD80 /* Resources */ = {
			isa = PBXResourcesBuildPhase;
			buildActionMask = 2147483647;
			files = (
			);
			runOnlyForDeploymentPostprocessing = 0;
		};
		E94552F72F25BAD90013CD80 /* Resources */ = {
			isa = PBXResourcesBuildPhase;
			buildActionMask = 2147483647;
			files = (
			);
			runOnlyForDeploymentPostprocessing = 0;
		};
/* End PBXResourcesBuildPhase section */

/* Begin PBXSourcesBuildPhase section */
		E94552DC2F25BAD20013CD80 /* Sources */ = {
			isa = PBXSourcesBuildPhase;
			buildActionMask = 2147483647;
			files = (
			);
			runOnlyForDeploymentPostprocessing = 0;
		};
		E94552EB2F25BAD90013CD80 /* Sources */ = {
			isa = PBXSourcesBuildPhase;
			buildActionMask = 2147483647;
			files = (
			);
			runOnlyForDeploymentPostprocessing = 0;
		};
		E94552F52F25BAD90013CD80 /* Sources */ = {
			isa = PBXSourcesBuildPhase;
			buildActionMask = 2147483647;
			files = (
			);
			runOnlyForDeploymentPostprocessing = 0;
		};
/* End PBXSourcesBuildPhase section */

/* Begin PBXTargetDependency section */
		E94552F12F25BAD90013CD80 /* PBXTargetDependency */ = {
			isa = PBXTargetDependency;
			target = E94552DF2F25BAD20013CD80 /* hardhack2026 */;
			targetProxy = E94552F02F25BAD90013CD80 /* PBXContainerItemProxy */;
		};
		E94552FB2F25BAD90013CD80 /* PBXTargetDependency */ = {
			isa = PBXTargetDependency;
			target = E94552DF2F25BAD20013CD80 /* hardhack2026 */;
			targetProxy = E94552FA2F25BAD90013CD80 /* PBXContainerItemProxy */;
		};
/* End PBXTargetDependency section */

/* Begin XCBuildConfiguration section */
		E94553012F25BAD90013CD80 /* Debug */ = {
			isa = XCBuildConfiguration;
			buildSettings = {
				ALWAYS_SEARCH_USER_PATHS = NO;
				ASSETCATALOG_COMPILER_GENERATE_SWIFT_ASSET_SYMBOL_EXTENSIONS = YES;
				CLANG_ANALYZER_NONNULL = YES;
				CLANG_ANALYZER_NUMBER_OBJECT_CONVERSION = YES_AGGRESSIVE;
				CLANG_CXX_LANGUAGE_STANDARD = "gnu++20";
				CLANG_ENABLE_MODULES = YES;
				CLANG_ENABLE_OBJC_ARC = YES;
				CLANG_ENABLE_OBJC_WEAK = YES;
				CLANG_WARN_BLOCK_CAPTURE_AUTORELEASING = YES;
				CLANG_WARN_BOOL_CONVERSION = YES;
				CLANG_WARN_COMMA = YES;
				CLANG_WARN_CONSTANT_CONVERSION = YES;
				CLANG_WARN_DEPRECATED_OBJC_IMPLEMENTATIONS = YES;
				CLANG_WARN_DIRECT_OBJC_ISA_USAGE = YES_ERROR;
				CLANG_WARN_DOCUMENTATION_COMMENTS = YES;
				CLANG_WARN_EMPTY_BODY = YES;
				CLANG_WARN_ENUM_CONVERSION = YES;
				CLANG_WARN_INFINITE_RECURSION = YES;
				CLANG_WARN_INT_CONVERSION = YES;
				CLANG_WARN_NON_LITERAL_NULL_CONVERSION = YES;
				CLANG_WARN_OBJC_IMPLICIT_RETAIN_SELF = YES;
				CLANG_WARN_OBJC_LITERAL_CONVERSION = YES;
				CLANG_WARN_OBJC_ROOT_CLASS = YES_ERROR;
				CLANG_WARN_QUOTED_INCLUDE_IN_FRAMEWORK_HEADER = YES;
				CLANG_WARN_RANGE_LOOP_ANALYSIS = YES;
				CLANG_WARN_STRICT_PROTOTYPES = YES;
				CLANG_WARN_SUSPICIOUS_MOVE = YES;
				CLANG_WARN_UNGUARDED_AVAILABILITY = YES_AGGRESSIVE;
				CLANG_WARN_UNREACHABLE_CODE = YES;
				CLANG_WARN__DUPLICATE_METHOD_MATCH = YES;
				COPY_PHASE_STRIP = NO;
				DEBUG_INFORMATION_FORMAT = dwarf;
				DEVELOPMENT_TEAM = B8UW2B5SB4;
				ENABLE_STRICT_OBJC_MSGSEND = YES;
				ENABLE_TESTABILITY = YES;
				ENABLE_USER_SCRIPT_SANDBOXING = YES;
				GCC_C_LANGUAGE_STANDARD = gnu17;
				GCC_DYNAMIC_NO_PIC = NO;
				GCC_NO_COMMON_BLOCKS = YES;
				GCC_OPTIMIZATION_LEVEL = 0;
				GCC_PREPROCESSOR_DEFINITIONS = (
					"DEBUG=1",
					"$(inherited)",
				);
				GCC_WARN_64_TO_32_BIT_CONVERSION = YES;
				GCC_WARN_ABOUT_RETURN_TYPE = YES_ERROR;
				GCC_WARN_UNDECLARED_SELECTOR = YES;
				GCC_WARN_UNINITIALIZED_AUTOS = YES_AGGRESSIVE;
				GCC_WARN_UNUSED_FUNCTION = YES;
				GCC_WARN_UNUSED_VARIABLE = YES;
				IPHONEOS_DEPLOYMENT_TARGET = 26.2;
				LOCALIZATION_PREFERS_STRING_CATALOGS = YES;
				MTL_ENABLE_DEBUG_INFO = INCLUDE_SOURCE;
				MTL_FAST_MATH = YES;
				ONLY_ACTIVE_ARCH = YES;
				SDKROOT = iphoneos;
				SWIFT_ACTIVE_COMPILATION_CONDITIONS = "DEBUG $(inherited)";
				SWIFT_OPTIMIZATION_LEVEL = "-Onone";
			};
			name = Debug;
		};
		E94553022F25BAD90013CD80 /* Release */ = {
			isa = XCBuildConfiguration;
			buildSettings = {
				ALWAYS_SEARCH_USER_PATHS = NO;
				ASSETCATALOG_COMPILER_GENERATE_SWIFT_ASSET_SYMBOL_EXTENSIONS = YES;
				CLANG_ANALYZER_NONNULL = YES;
				CLANG_ANALYZER_NUMBER_OBJECT_CONVERSION = YES_AGGRESSIVE;
				CLANG_CXX_LANGUAGE_STANDARD = "gnu++20";
				CLANG_ENABLE_MODULES = YES;
				CLANG_ENABLE_OBJC_ARC = YES;
				CLANG_ENABLE_OBJC_WEAK = YES;
				CLANG_WARN_BLOCK_CAPTURE_AUTORELEASING = YES;
				CLANG_WARN_BOOL_CONVERSION = YES;
				CLANG_WARN_COMMA = YES;
				CLANG_WARN_CONSTANT_CONVERSION = YES;
				CLANG_WARN_DEPRECATED_OBJC_IMPLEMENTATIONS = YES;
				CLANG_WARN_DIRECT_OBJC_ISA_USAGE = YES_ERROR;
				CLANG_WARN_DOCUMENTATION_COMMENTS = YES;
				CLANG_WARN_EMPTY_BODY = YES;
				CLANG_WARN_ENUM_CONVERSION = YES;
				CLANG_WARN_INFINITE_RECURSION = YES;
				CLANG_WARN_INT_CONVERSION = YES;
				CLANG_WARN_NON_LITERAL_NULL_CONVERSION = YES;
				CLANG_WARN_OBJC_IMPLICIT_RETAIN_SELF = YES;
				CLANG_WARN_OBJC_LITERAL_CONVERSION = YES;
				CLANG_WARN_OBJC_ROOT_CLASS = YES_ERROR;
				CLANG_WARN_QUOTED_INCLUDE_IN_FRAMEWORK_HEADER = YES;
				CLANG_WARN_RANGE_LOOP_ANALYSIS = YES;
				CLANG_WARN_STRICT_PROTOTYPES = YES;
				CLANG_WARN_SUSPICIOUS_MOVE = YES;
				CLANG_WARN_UNGUARDED_AVAILABILITY = YES_AGGRESSIVE;
				CLANG_WARN_UNREACHABLE_CODE = YES;
				CLANG_WARN__DUPLICATE_METHOD_MATCH = YES;
				COPY_PHASE_STRIP = NO;
				DEBUG_INFORMATION_FORMAT = "dwarf-with-dsym";
				DEVELOPMENT_TEAM = B8UW2B5SB4;
				ENABLE_NS_ASSERTIONS = NO;
				ENABLE_STRICT_OBJC_MSGSEND = YES;
				ENABLE_USER_SCRIPT_SANDBOXING = YES;
				GCC_C_LANGUAGE_STANDARD = gnu17;
				GCC_NO_COMMON_BLOCKS = YES;
				GCC_WARN_64_TO_32_BIT_CONVERSION = YES;
				GCC_WARN_ABOUT_RETURN_TYPE = YES_ERROR;
				GCC_WARN_UNDECLARED_SELECTOR = YES;
				GCC_WARN_UNINITIALIZED_AUTOS = YES_AGGRESSIVE;
				GCC_WARN_UNUSED_FUNCTION = YES;
				GCC_WARN_UNUSED_VARIABLE = YES;
				IPHONEOS_DEPLOYMENT_TARGET = 26.2;
				LOCALIZATION_PREFERS_STRING_CATALOGS = YES;
				MTL_ENABLE_DEBUG_INFO = NO;
				MTL_FAST_MATH = YES;
				SDKROOT = iphoneos;
				SWIFT_COMPILATION_MODE = wholemodule;
				VALIDATE_PRODUCT = YES;
			};
			name = Release;
		};
		E94553042F25BAD90013CD80 /* Debug */ = {
			isa = XCBuildConfiguration;
			buildSettings = {
				ASSETCATALOG_COMPILER_APPICON_NAME = AppIcon;
				ASSETCATALOG_COMPILER_GLOBAL_ACCENT_COLOR_NAME = AccentColor;
				CODE_SIGN_ENTITLEMENTS = hardhack2026/hardhack2026.entitlements;
				CODE_SIGN_STYLE = Automatic;
				CURRENT_PROJECT_VERSION = 1;
				DEVELOPMENT_TEAM = B8UW2B5SB4;
				ENABLE_PREVIEWS = YES;
				GENERATE_INFOPLIST_FILE = YES;
				INFOPLIST_FILE = hardhack2026/Info.plist;
				INFOPLIST_KEY_UIApplicationSceneManifest_Generation = YES;
				INFOPLIST_KEY_UIApplicationSupportsIndirectInputEvents = YES;
				INFOPLIST_KEY_UILaunchScreen_Generation = YES;
				INFOPLIST_KEY_UISupportedInterfaceOrientations_iPad = "UIInterfaceOrientationPortrait UIInterfaceOrientationPortraitUpsideDown UIInterfaceOrientationLandscapeLeft UIInterfaceOrientationLandscapeRight";
				INFOPLIST_KEY_UISupportedInterfaceOrientations_iPhone = "UIInterfaceOrientationPortrait UIInterfaceOrientationLandscapeLeft UIInterfaceOrientationLandscapeRight";
				IPHONEOS_DEPLOYMENT_TARGET = 18.6;
				LD_RUNPATH_SEARCH_PATHS = (
					"$(inherited)",
					"@executable_path/Frameworks",
				);
				MARKETING_VERSION = 1.0;
				PRODUCT_BUNDLE_IDENTIFIER = com.wattsup.hardhack2026;
				PRODUCT_NAME = "$(TARGET_NAME)";
				STRING_CATALOG_GENERATE_SYMBOLS = YES;
				SWIFT_APPROACHABLE_CONCURRENCY = YES;
				SWIFT_DEFAULT_ACTOR_ISOLATION = MainActor;
				SWIFT_EMIT_LOC_STRINGS = YES;
				SWIFT_UPCOMING_FEATURE_MEMBER_IMPORT_VISIBILITY = YES;
				SWIFT_VERSION = 5.0;
				TARGETED_DEVICE_FAMILY = "1,2";
			};
			name = Debug;
		};
		E94553052F25BAD90013CD80 /* Release */ = {
			isa = XCBuildConfiguration;
			buildSettings = {
				ASSETCATALOG_COMPILER_APPICON_NAME = AppIcon;
				ASSETCATALOG_COMPILER_GLOBAL_ACCENT_COLOR_NAME = AccentColor;
				CODE_SIGN_ENTITLEMENTS = hardhack2026/hardhack2026.entitlements;
				CODE_SIGN_STYLE = Automatic;
				CURRENT_PROJECT_VERSION = 1;
				DEVELOPMENT_TEAM = B8UW2B5SB4;
				ENABLE_PREVIEWS = YES;
				GENERATE_INFOPLIST_FILE = YES;
				INFOPLIST_FILE = hardhack2026/Info.plist;
				INFOPLIST_KEY_UIApplicationSceneManifest_Generation = YES;
				INFOPLIST_KEY_UIApplicationSupportsIndirectInputEvents = YES;
				INFOPLIST_KEY_UILaunchScreen_Generation = YES;
				INFOPLIST_KEY_UISupportedInterfaceOrientations_iPad = "UIInterfaceOrientationPortrait UIInterfaceOrientationPortraitUpsideDown UIInterfaceOrientationLandscapeLeft UIInterfaceOrientationLandscapeRight";
				INFOPLIST_KEY_UISupportedInterfaceOrientations_iPhone = "UIInterfaceOrientationPortrait UIInterfaceOrientationLandscapeLeft UIInterfaceOrientationLandscapeRight";
				IPHONEOS_DEPLOYMENT_TARGET = 18.6;
				LD_RUNPATH_SEARCH_PATHS = (
					"$(inherited)",
					"@executable_path/Frameworks",
				);
				MARKETING_VERSION = 1.0;
				PRODUCT_BUNDLE_IDENTIFIER = com.wattsup.hardhack2026;
				PRODUCT_NAME = "$(TARGET_NAME)";
				STRING_CATALOG_GENERATE_SYMBOLS = YES;
				SWIFT_APPROACHABLE_CONCURRENCY = YES;
				SWIFT_DEFAULT_ACTOR_ISOLATION = MainActor;
				SWIFT_EMIT_LOC_STRINGS = YES;
				SWIFT_UPCOMING_FEATURE_MEMBER_IMPORT_VISIBILITY = YES;
				SWIFT_VERSION = 5.0;
				TARGETED_DEVICE_FAMILY = "1,2";
			};
			name = Release;
		};
		E94553072F25BAD90013CD80 /* Debug */ = {
			isa = XCBuildConfiguration;
			buildSettings = {
				BUNDLE_LOADER = "$(TEST_HOST)";
				CODE_SIGN_STYLE = Automatic;
				CURRENT_PROJECT_VERSION = 1;
				DEVELOPMENT_TEAM = B8UW2B5SB4;
				GENERATE_INFOPLIST_FILE = YES;
				IPHONEOS_DEPLOYMENT_TARGET = 26.2;
				MARKETING_VERSION = 1.0;
				PRODUCT_BUNDLE_IDENTIFIER = com.wattsup.hardhack2026Tests;
				PRODUCT_NAME = "$(TARGET_NAME)";
				STRING_CATALOG_GENERATE_SYMBOLS = NO;
				SWIFT_APPROACHABLE_CONCURRENCY = YES;
				SWIFT_EMIT_LOC_STRINGS = NO;
				SWIFT_UPCOMING_FEATURE_MEMBER_IMPORT_VISIBILITY = YES;
				SWIFT_VERSION = 5.0;
				TARGETED_DEVICE_FAMILY = "1,2";
				TEST_HOST = "$(BUILT_PRODUCTS_DIR)/hardhack2026.app/$(BUNDLE_EXECUTABLE_FOLDER_PATH)/hardhack2026";
			};
			name = Debug;
		};
		E94553082F25BAD90013CD80 /* Release */ = {
			isa = XCBuildConfiguration;
			buildSettings = {
				BUNDLE_LOADER = "$(TEST_HOST)";
				CODE_SIGN_STYLE = Automatic;
				CURRENT_PROJECT_VERSION = 1;
				DEVELOPMENT_TEAM = B8UW2B5SB4;
				GENERATE_INFOPLIST_FILE = YES;
				IPHONEOS_DEPLOYMENT_TARGET = 26.2;
				MARKETING_VERSION = 1.0;
				PRODUCT_BUNDLE_IDENTIFIER = com.wattsup.hardhack2026Tests;
				PRODUCT_NAME = "$(TARGET_NAME)";
				STRING_CATALOG_GENERATE_SYMBOLS = NO;
				SWIFT_APPROACHABLE_CONCURRENCY = YES;
				SWIFT_EMIT_LOC_STRINGS = NO;
				SWIFT_UPCOMING_FEATURE_MEMBER_IMPORT_VISIBILITY = YES;
				SWIFT_VERSION = 5.0;
				TARGETED_DEVICE_FAMILY = "1,2";
				TEST_HOST = "$(BUILT_PRODUCTS_DIR)/hardhack2026.app/$(BUNDLE_EXECUTABLE_FOLDER_PATH)/hardhack2026";
			};
			name = Release;
		};
		E945530A2F25BAD90013CD80 /* Debug */ = {
			isa = XCBuildConfiguration;
			buildSettings = {
				CODE_SIGN_STYLE = Automatic;
				CURRENT_PROJECT_VERSION = 1;
				DEVELOPMENT_TEAM = B8UW2B5SB4;
				GENERATE_INFOPLIST_FILE = YES;
				MARKETING_VERSION = 1.0;
				PRODUCT_BUNDLE_IDENTIFIER = com.wattsup.hardhack2026UITests;
				PRODUCT_NAME = "$(TARGET_NAME)";
				STRING_CATALOG_GENERATE_SYMBOLS = NO;
				SWIFT_APPROACHABLE_CONCURRENCY = YES;
				SWIFT_EMIT_LOC_STRINGS = NO;
				SWIFT_UPCOMING_FEATURE_MEMBER_IMPORT_VISIBILITY = YES;
				SWIFT_VERSION = 5.0;
				TARGETED_DEVICE_FAMILY = "1,2";
				TEST_TARGET_NAME = hardhack2026;
			};
			name = Debug;
		};
		E945530B2F25BAD90013CD80 /* Release */ = {
			isa = XCBuildConfiguration;
			buildSettings = {
				CODE_SIGN_STYLE = Automatic;
				CURRENT_PROJECT_VERSION = 1;
				DEVELOPMENT_TEAM = B8UW2B5SB4;
				GENERATE_INFOPLIST_FILE = YES;
				MARKETING_VERSION = 1.0;
				PRODUCT_BUNDLE_IDENTIFIER = com.wattsup.hardhack2026UITests;
				PRODUCT_NAME = "$(TARGET_NAME)";
				STRING_CATALOG_GENERATE_SYMBOLS = NO;
				SWIFT_APPROACHABLE_CONCURRENCY = YES;
				SWIFT_EMIT_LOC_STRINGS = NO;
				SWIFT_UPCOMING_FEATURE_MEMBER_IMPORT_VISIBILITY = YES;
				SWIFT_VERSION = 5.0;
				TARGETED_DEVICE_FAMILY = "1,2";
				TEST_TARGET_NAME = hardhack2026;
			};
			name = Release;
		};
/* End XCBuildConfiguration section */

/* Begin XCConfigurationList section */
		E94552DB2F25BAD20013CD80 /* Build configuration list for PBXProject "hardhack2026" */ = {
			isa = XCConfigurationList;
			buildConfigurations = (
				E94553012F25BAD90013CD80 /* Debug */,
				E94553022F25BAD90013CD80 /* Release */,
			);
			defaultConfigurationIsVisible = 0;
			defaultConfigurationName = Release;
		};
		E94553032F25BAD90013CD80 /* Build configuration list for PBXNativeTarget "hardhack2026" */ = {
			isa = XCConfigurationList;
			buildConfigurations = (
				E94553042F25BAD90013CD80 /* Debug */,
				E94553052F25BAD90013CD80 /* Release */,
			);
			defaultConfigurationIsVisible = 0;
			defaultConfigurationName = Release;
		};
		E94553062F25BAD90013CD80 /* Build configuration list for PBXNativeTarget "hardhack2026Tests" */ = {
			isa = XCConfigurationList;
			buildConfigurations = (
				E94553072F25BAD90013CD80 /* Debug */,
				E94553082F25BAD90013CD80 /* Release */,
			);
			defaultConfigurationIsVisible = 0;
			defaultConfigurationName = Release;
		};
		E94553092F25BAD90013CD80 /* Build configuration list for PBXNativeTarget "hardhack2026UITests" */ = {
			isa = XCConfigurationList;
			buildConfigurations = (
				E945530A2F25BAD90013CD80 /* Debug */,
				E945530B2F25BAD90013CD80 /* Release */,
			);
			defaultConfigurationIsVisible = 0;
			defaultConfigurationName = Release;
		};
/* End XCConfigurationList section */

/* Begin XCRemoteSwiftPackageReference section */
		E945531A2F25EF1E0013CD80 /* XCRemoteSwiftPackageReference "CocoaMQTT" */ = {
			isa = XCRemoteSwiftPackageReference;
			repositoryURL = "https://github.com/emqx/CocoaMQTT";
			requirement = {
				kind = exactVersion;
				version = 2.1.6;
			};
		};
/* End XCRemoteSwiftPackageReference section */

/* Begin XCSwiftPackageProductDependency section */
		E945532A2F25F6380013CD80 /* CocoaMQTT */ = {
			isa = XCSwiftPackageProductDependency;
			package = E945531A2F25EF1E0013CD80 /* XCRemoteSwiftPackageReference "CocoaMQTT" */;
			productName = CocoaMQTT;
		};
		E945532C2F25F63C0013CD80 /* CocoaMQTTWebSocket */ = {
			isa = XCSwiftPackageProductDependency;
			package = E945531A2F25EF1E0013CD80 /* XCRemoteSwiftPackageReference "CocoaMQTT" */;
			productName = CocoaMQTTWebSocket;
		};
/* End XCSwiftPackageProductDependency section */
	};
	rootObject = E94552D82F25BAD20013CD80 /* Project object */;
}
